
Microsoft Visual Studio Solution File, Format Version 12.00
# Visual Studio Version 17
VisualStudioVersion = 17.7.34024.191
MinimumVisualStudioVersion = 10.0.40219.1
Project("{FAE04EC0-301F-11D3-BF4B-00C04F79EFBC}") = "DSLK_TH_p2", "DSLK_TH_p2\DSLK_TH_p2.csproj", "{CE71D88E-A6A2-4764-9F48-C0FA342A4129}"
EndProject
Global
	GlobalSection(SolutionConfigurationPlatforms) = preSolution
		Debug|Any CPU = Debug|Any CPU
		Release|Any CPU = Release|Any CPU
	EndGlobalSection
	GlobalSection(ProjectConfigurationPlatforms) = postSolution
		{CE71D88E-A6A2-4764-9F48-C0FA342A4129}.Debug|Any CPU.ActiveCfg = Debug|Any CPU
		{CE71D88E-A6A2-4764-9F48-C0FA342A4129}.Debug|Any CPU.Build.0 = Debug|Any CPU
		{CE71D88E-A6A2-4764-9F48-C0FA342A4129}.Release|Any CPU.ActiveCfg = Release|Any CPU
		{CE71D88E-A6A2-4764-9F48-C0FA342A4129}.Release|Any CPU.Build.0 = Release|Any CPU
	EndGlobalSection
	GlobalSection(SolutionProperties) = preSolution
		HideSolutionNode = FALSE
	EndGlobalSection
	GlobalSection(ExtensibilityGlobals) = postSolution
		SolutionGuid = {8B207C4F-27FD-4ECD-87D8-0634E27D5B17}
	EndGlobalSection
EndGlobal
